
Microsoft Visual Studio Solution File, Format Version 12.00
# Visual Studio Version 17
VisualStudioVersion = 17.6.33829.357
MinimumVisualStudioVersion = 10.0.40219.1
Project("{FAE04EC0-301F-11D3-BF4B-00C04F79EFBC}") = "Jogodavelha", "Jogodavelha\Jogodavelha.csproj", "{1A2D838A-1964-4F5F-A1F9-84331247F531}"
EndProject
Global
	GlobalSection(SolutionConfigurationPlatforms) = preSolution
		Debug|Any CPU = Debug|Any CPU
		Release|Any CPU = Release|Any CPU
	EndGlobalSection
	GlobalSection(ProjectConfigurationPlatforms) = postSolution
		{1A2D838A-1964-4F5F-A1F9-84331247F531}.Debug|Any CPU.ActiveCfg = Debug|Any CPU
		{1A2D838A-1964-4F5F-A1F9-84331247F531}.Debug|Any CPU.Build.0 = Debug|Any CPU
		{1A2D838A-1964-4F5F-A1F9-84331247F531}.Release|Any CPU.ActiveCfg = Release|Any CPU
		{1A2D838A-1964-4F5F-A1F9-84331247F531}.Release|Any CPU.Build.0 = Release|Any CPU
	EndGlobalSection
	GlobalSection(SolutionProperties) = preSolution
		HideSolutionNode = FALSE
	EndGlobalSection
	GlobalSection(ExtensibilityGlobals) = postSolution
		SolutionGuid = {F23FE6EB-3587-4268-AFA7-8D0D3645C29E}
	EndGlobalSection
EndGlobal
